
Microsoft Visual Studio Solution File, Format Version 12.00
# Visual Studio Version 17
VisualStudioVersion = 17.7.34221.43
MinimumVisualStudioVersion = 10.0.40219.1
Project("{9A19103F-16F7-4668-BE54-9A1E7A4F7556}") = "EmployeeManagement", "probaTehnica\EmployeeManagement.csproj", "{55931E43-FB12-4611-9DEC-8F24FA7F3547}"
EndProject
Project("{9A19103F-16F7-4668-BE54-9A1E7A4F7556}") = "EmployeeManagementLibrary", "EmployeeManagementLibrary\EmployeeManagementLibrary.csproj", "{34460ED2-2766-4F80-9BA3-A91B7ABEAFE6}"
EndProject
Project("{2150E333-8FDC-42A3-9474-1A3956D46DE8}") = "Solution Items", "Solution Items", "{A2A02D15-CD26-4650-9846-E136247A06E5}"
	ProjectSection(SolutionItems) = preProject
		TODO.txt = TODO.txt
	EndProjectSection
EndProject
Project("{FAE04EC0-301F-11D3-BF4B-00C04F79EFBC}") = "TestProject1", "TestProject1\TestProject1.csproj", "{2D6847DC-C50A-4FB0-8DC3-19999CDED2C5}"
EndProject
Global
	GlobalSection(SolutionConfigurationPlatforms) = preSolution
		Debug|Any CPU = Debug|Any CPU
		Release|Any CPU = Release|Any CPU
	EndGlobalSection
	GlobalSection(ProjectConfigurationPlatforms) = postSolution
		{55931E43-FB12-4611-9DEC-8F24FA7F3547}.Debug|Any CPU.ActiveCfg = Debug|Any CPU
		{55931E43-FB12-4611-9DEC-8F24FA7F3547}.Debug|Any CPU.Build.0 = Debug|Any CPU
		{55931E43-FB12-4611-9DEC-8F24FA7F3547}.Release|Any CPU.ActiveCfg = Release|Any CPU
		{55931E43-FB12-4611-9DEC-8F24FA7F3547}.Release|Any CPU.Build.0 = Release|Any CPU
		{34460ED2-2766-4F80-9BA3-A91B7ABEAFE6}.Debug|Any CPU.ActiveCfg = Debug|Any CPU
		{34460ED2-2766-4F80-9BA3-A91B7ABEAFE6}.Debug|Any CPU.Build.0 = Debug|Any CPU
		{34460ED2-2766-4F80-9BA3-A91B7ABEAFE6}.Release|Any CPU.ActiveCfg = Release|Any CPU
		{34460ED2-2766-4F80-9BA3-A91B7ABEAFE6}.Release|Any CPU.Build.0 = Release|Any CPU
		{2D6847DC-C50A-4FB0-8DC3-19999CDED2C5}.Debug|Any CPU.ActiveCfg = Debug|Any CPU
		{2D6847DC-C50A-4FB0-8DC3-19999CDED2C5}.Debug|Any CPU.Build.0 = Debug|Any CPU
		{2D6847DC-C50A-4FB0-8DC3-19999CDED2C5}.Release|Any CPU.ActiveCfg = Release|Any CPU
		{2D6847DC-C50A-4FB0-8DC3-19999CDED2C5}.Release|Any CPU.Build.0 = Release|Any CPU
	EndGlobalSection
	GlobalSection(SolutionProperties) = preSolution
		HideSolutionNode = FALSE
	EndGlobalSection
	GlobalSection(ExtensibilityGlobals) = postSolution
		SolutionGuid = {8FE283C8-6859-4296-82C9-F5CDA3E15C60}
	EndGlobalSection
EndGlobal
